
Microsoft Visual Studio Solution File, Format Version 12.00
# Visual Studio 15
VisualStudioVersion = 15.0.36617.4
MinimumVisualStudioVersion = 10.0.40219.1
Project("{FAE04EC0-301F-11D3-BF4B-00C04F79EFBC}") = "ArchPlaygroundNetFramework.WebApiRest", "ArchPlaygroundNetFramework.WebApiRest\ArchPlaygroundNetFramework.WebApiRest.csproj", "{DAB10307-D3F5-4D23-81D5-37CE8EEFC90F}"
EndProject
Project("{2150E333-8FDC-42A3-9474-1A3956D46DE8}") = "UI", "UI", "{D73640C4-B720-456D-A20C-5AE206BD0C98}"
EndProject
Project("{2150E333-8FDC-42A3-9474-1A3956D46DE8}") = "BLL", "BLL", "{A0EC0EAB-E19A-4A41-BC20-0680550368E5}"
EndProject
Project("{2150E333-8FDC-42A3-9474-1A3956D46DE8}") = "DAL", "DAL", "{F8288676-D276-4F9A-8CF8-C7E02E7C3912}"
EndProject
Project("{FAE04EC0-301F-11D3-BF4B-00C04F79EFBC}") = "ArchPlaygroundNetFramework.Dal", "ArchPlaygroundNetFramework.Dal\ArchPlaygroundNetFramework.Dal.csproj", "{FEFEFAA9-7A90-4352-AC3C-0680E0AA1DF4}"
EndProject
Project("{FAE04EC0-301F-11D3-BF4B-00C04F79EFBC}") = "ArchPlaygroundNetFramework.Bll", "ArchPlaygroundNetFramework.Bll\ArchPlaygroundNetFramework.Bll.csproj", "{2168A7ED-BCE6-4843-9A57-37E86A917C90}"
EndProject
Project("{2150E333-8FDC-42A3-9474-1A3956D46DE8}") = "MyVehiculeApp", "MyVehiculeApp", "{9F9A2C1A-37F6-4CFE-8317-9B235CCC638C}"
EndProject
Project("{FAE04EC0-301F-11D3-BF4B-00C04F79EFBC}") = "MyVehiculeApp.UI", "MyVehiculeApp.UI\MyVehiculeApp.UI.csproj", "{EC74C0E5-05FA-46D1-90A9-949788831E29}"
EndProject
Project("{FAE04EC0-301F-11D3-BF4B-00C04F79EFBC}") = "MyVehiculeApp.Core", "MyVehiculeApp.Core\MyVehiculeApp.Core.csproj", "{3ABD1B9B-F1F1-4763-9E44-B98B49747C2F}"
EndProject
Project("{FAE04EC0-301F-11D3-BF4B-00C04F79EFBC}") = "MyVehiculeApp.BLL", "MyVehiculeApp.BLL\MyVehiculeApp.BLL.csproj", "{CEB69E4A-5C43-4A50-918E-C3395F74C7D7}"
EndProject
Project("{FAE04EC0-301F-11D3-BF4B-00C04F79EFBC}") = "MyVehiculeApp.DAL", "MyVehiculeApp.DAL\MyVehiculeApp.DAL.csproj", "{6139A282-AC3F-4FE8-B19D-E6A5B32641D4}"
EndProject
Project("{FAE04EC0-301F-11D3-BF4B-00C04F79EFBC}") = "MyVehiculeApp.IoC", "MyVehiculeApp.IoC\MyVehiculeApp.IoC.csproj", "{DAFBCEC9-27F6-47CB-8BD9-1F0C3F9DD9AF}"
EndProject
Project("{FAE04EC0-301F-11D3-BF4B-00C04F79EFBC}") = "MyVehiculeApp.DAL.Console", "MyVehiculeApp.DAL.Console\MyVehiculeApp.DAL.Console.csproj", "{0F35DFAF-30BE-4E59-AE9E-1FE58EEFCB86}"
EndProject
Global
	GlobalSection(SolutionConfigurationPlatforms) = preSolution
		Debug|Any CPU = Debug|Any CPU
		Release|Any CPU = Release|Any CPU
	EndGlobalSection
	GlobalSection(ProjectConfigurationPlatforms) = postSolution
		{DAB10307-D3F5-4D23-81D5-37CE8EEFC90F}.Debug|Any CPU.ActiveCfg = Debug|Any CPU
		{DAB10307-D3F5-4D23-81D5-37CE8EEFC90F}.Debug|Any CPU.Build.0 = Debug|Any CPU
		{DAB10307-D3F5-4D23-81D5-37CE8EEFC90F}.Release|Any CPU.ActiveCfg = Release|Any CPU
		{DAB10307-D3F5-4D23-81D5-37CE8EEFC90F}.Release|Any CPU.Build.0 = Release|Any CPU
		{FEFEFAA9-7A90-4352-AC3C-0680E0AA1DF4}.Debug|Any CPU.ActiveCfg = Debug|Any CPU
		{FEFEFAA9-7A90-4352-AC3C-0680E0AA1DF4}.Debug|Any CPU.Build.0 = Debug|Any CPU
		{FEFEFAA9-7A90-4352-AC3C-0680E0AA1DF4}.Release|Any CPU.ActiveCfg = Release|Any CPU
		{FEFEFAA9-7A90-4352-AC3C-0680E0AA1DF4}.Release|Any CPU.Build.0 = Release|Any CPU
		{2168A7ED-BCE6-4843-9A57-37E86A917C90}.Debug|Any CPU.ActiveCfg = Debug|Any CPU
		{2168A7ED-BCE6-4843-9A57-37E86A917C90}.Debug|Any CPU.Build.0 = Debug|Any CPU
		{2168A7ED-BCE6-4843-9A57-37E86A917C90}.Release|Any CPU.ActiveCfg = Release|Any CPU
		{2168A7ED-BCE6-4843-9A57-37E86A917C90}.Release|Any CPU.Build.0 = Release|Any CPU
		{EC74C0E5-05FA-46D1-90A9-949788831E29}.Debug|Any CPU.ActiveCfg = Debug|Any CPU
		{EC74C0E5-05FA-46D1-90A9-949788831E29}.Debug|Any CPU.Build.0 = Debug|Any CPU
		{EC74C0E5-05FA-46D1-90A9-949788831E29}.Release|Any CPU.ActiveCfg = Release|Any CPU
		{EC74C0E5-05FA-46D1-90A9-949788831E29}.Release|Any CPU.Build.0 = Release|Any CPU
		{3ABD1B9B-F1F1-4763-9E44-B98B49747C2F}.Debug|Any CPU.ActiveCfg = Debug|Any CPU
		{3ABD1B9B-F1F1-4763-9E44-B98B49747C2F}.Debug|Any CPU.Build.0 = Debug|Any CPU
		{3ABD1B9B-F1F1-4763-9E44-B98B49747C2F}.Release|Any CPU.ActiveCfg = Release|Any CPU
		{3ABD1B9B-F1F1-4763-9E44-B98B49747C2F}.Release|Any CPU.Build.0 = Release|Any CPU
		{CEB69E4A-5C43-4A50-918E-C3395F74C7D7}.Debug|Any CPU.ActiveCfg = Debug|Any CPU
		{CEB69E4A-5C43-4A50-918E-C3395F74C7D7}.Debug|Any CPU.Build.0 = Debug|Any CPU
		{CEB69E4A-5C43-4A50-918E-C3395F74C7D7}.Release|Any CPU.ActiveCfg = Release|Any CPU
		{CEB69E4A-5C43-4A50-918E-C3395F74C7D7}.Release|Any CPU.Build.0 = Release|Any CPU
		{6139A282-AC3F-4FE8-B19D-E6A5B32641D4}.Debug|Any CPU.ActiveCfg = Debug|Any CPU
		{6139A282-AC3F-4FE8-B19D-E6A5B32641D4}.Debug|Any CPU.Build.0 = Debug|Any CPU
		{6139A282-AC3F-4FE8-B19D-E6A5B32641D4}.Release|Any CPU.ActiveCfg = Release|Any CPU
		{6139A282-AC3F-4FE8-B19D-E6A5B32641D4}.Release|Any CPU.Build.0 = Release|Any CPU
		{DAFBCEC9-27F6-47CB-8BD9-1F0C3F9DD9AF}.Debug|Any CPU.ActiveCfg = Debug|Any CPU
		{DAFBCEC9-27F6-47CB-8BD9-1F0C3F9DD9AF}.Debug|Any CPU.Build.0 = Debug|Any CPU
		{DAFBCEC9-27F6-47CB-8BD9-1F0C3F9DD9AF}.Release|Any CPU.ActiveCfg = Release|Any CPU
		{DAFBCEC9-27F6-47CB-8BD9-1F0C3F9DD9AF}.Release|Any CPU.Build.0 = Release|Any CPU
		{0F35DFAF-30BE-4E59-AE9E-1FE58EEFCB86}.Debug|Any CPU.ActiveCfg = Debug|Any CPU
		{0F35DFAF-30BE-4E59-AE9E-1FE58EEFCB86}.Debug|Any CPU.Build.0 = Debug|Any CPU
		{0F35DFAF-30BE-4E59-AE9E-1FE58EEFCB86}.Release|Any CPU.ActiveCfg = Release|Any CPU
		{0F35DFAF-30BE-4E59-AE9E-1FE58EEFCB86}.Release|Any CPU.Build.0 = Release|Any CPU
	EndGlobalSection
	GlobalSection(SolutionProperties) = preSolution
		HideSolutionNode = FALSE
	EndGlobalSection
	GlobalSection(NestedProjects) = preSolution
		{DAB10307-D3F5-4D23-81D5-37CE8EEFC90F} = {D73640C4-B720-456D-A20C-5AE206BD0C98}
		{FEFEFAA9-7A90-4352-AC3C-0680E0AA1DF4} = {F8288676-D276-4F9A-8CF8-C7E02E7C3912}
		{2168A7ED-BCE6-4843-9A57-37E86A917C90} = {A0EC0EAB-E19A-4A41-BC20-0680550368E5}
		{EC74C0E5-05FA-46D1-90A9-949788831E29} = {9F9A2C1A-37F6-4CFE-8317-9B235CCC638C}
		{3ABD1B9B-F1F1-4763-9E44-B98B49747C2F} = {9F9A2C1A-37F6-4CFE-8317-9B235CCC638C}
		{CEB69E4A-5C43-4A50-918E-C3395F74C7D7} = {9F9A2C1A-37F6-4CFE-8317-9B235CCC638C}
		{6139A282-AC3F-4FE8-B19D-E6A5B32641D4} = {9F9A2C1A-37F6-4CFE-8317-9B235CCC638C}
		{DAFBCEC9-27F6-47CB-8BD9-1F0C3F9DD9AF} = {9F9A2C1A-37F6-4CFE-8317-9B235CCC638C}
		{0F35DFAF-30BE-4E59-AE9E-1FE58EEFCB86} = {9F9A2C1A-37F6-4CFE-8317-9B235CCC638C}
	EndGlobalSection
	GlobalSection(ExtensibilityGlobals) = postSolution
		SolutionGuid = {E6F7741A-D44D-4EC3-9379-5DEF0E0F72EE}
	EndGlobalSection
EndGlobal
